// !$*UTF8*$!
{
	archiveVersion = 1;
	classes = {
	};
	objectVersion = 50;
	objects = {

/* Begin PBXBuildFile section */
		44062A5B21A880890042F9CD /* SwipeTableViewController.swift in Sources */ = {isa = PBXBuildFile; fileRef = 44062A5A21A880890042F9CD /* SwipeTableViewController.swift */; };
		44355B062197491300CD6160 /* Todo.swift in Sources */ = {isa = PBXBuildFile; fileRef = 44355B052197491300CD6160 /* Todo.swift */; };
		4453C4FD21A0B338004C7096 /* CategoryViewController.swift in Sources */ = {isa = PBXBuildFile; fileRef = 4453C4FC21A0B338004C7096 /* CategoryViewController.swift */; };
		4453C4FF21A180CE004C7096 /* TodoCategory.swift in Sources */ = {isa = PBXBuildFile; fileRef = 4453C4FE21A180CE004C7096 /* TodoCategory.swift */; };
		44561B0B21AECB2900DCD443 /* GoogleService-Info.plist in Resources */ = {isa = PBXBuildFile; fileRef = 44561B0A21AECB2900DCD443 /* GoogleService-Info.plist */; };
		44B7EC6D21AD77D1001E78FE /* LaunchViewController.swift in Sources */ = {isa = PBXBuildFile; fileRef = 44B7EC6C21AD77D1001E78FE /* LaunchViewController.swift */; };
		44C1B98621C0F81D008CAD1D /* AccountViewController.swift in Sources */ = {isa = PBXBuildFile; fileRef = 44C1B98521C0F81D008CAD1D /* AccountViewController.swift */; };
		44D0C10721AD7BD80096A972 /* SignUpViewController.swift in Sources */ = {isa = PBXBuildFile; fileRef = 44D0C10621AD7BD80096A972 /* SignUpViewController.swift */; };
		44D0C10921AD7BF50096A972 /* LogInViewController.swift in Sources */ = {isa = PBXBuildFile; fileRef = 44D0C10821AD7BF50096A972 /* LogInViewController.swift */; };
		44EC3FE221937DA300365F89 /* AppDelegate.swift in Sources */ = {isa = PBXBuildFile; fileRef = 44EC3FE121937DA300365F89 /* AppDelegate.swift */; };
		44EC3FE421937DA300365F89 /* TodoListViewController.swift in Sources */ = {isa = PBXBuildFile; fileRef = 44EC3FE321937DA300365F89 /* TodoListViewController.swift */; };
		44EC3FE721937DA300365F89 /* Main.storyboard in Resources */ = {isa = PBXBuildFile; fileRef = 44EC3FE521937DA300365F89 /* Main.storyboard */; };
		44EC3FEC21937DA400365F89 /* LaunchScreen.storyboard in Resources */ = {isa = PBXBuildFile; fileRef = 44EC3FEA21937DA400365F89 /* LaunchScreen.storyboard */; };
		44FA16F521A48958004E3DDD /* Toast.swift in Sources */ = {isa = PBXBuildFile; fileRef = 44FA16F421A48958004E3DDD /* Toast.swift */; };
		44FBA94321CD13BF002E411E /* ModalTransitionListener.swift in Sources */ = {isa = PBXBuildFile; fileRef = 44FBA94221CD13BF002E411E /* ModalTransitionListener.swift */; };
		44FBA94521CD2F19002E411E /* Assets.xcassets in Resources */ = {isa = PBXBuildFile; fileRef = 44FBA94421CD2F19002E411E /* Assets.xcassets */; };
		F021C0C40A22119D8D30E98A /* Pods_TodoMap.framework in Frameworks */ = {isa = PBXBuildFile; fileRef = 392E3A46E9B7B2502DED6D28 /* Pods_TodoMap.framework */; };
/* End PBXBuildFile section */

/* Begin PBXFileReference section */
		392E3A46E9B7B2502DED6D28 /* Pods_TodoMap.framework */ = {isa = PBXFileReference; explicitFileType = wrapper.framework; includeInIndex = 0; path = Pods_TodoMap.framework; sourceTree = BUILT_PRODUCTS_DIR; };
		44062A5A21A880890042F9CD /* SwipeTableViewController.swift */ = {isa = PBXFileReference; lastKnownFileType = sourcecode.swift; path = SwipeTableViewController.swift; sourceTree = "<group>"; };
		44355B052197491300CD6160 /* Todo.swift */ = {isa = PBXFileReference; lastKnownFileType = sourcecode.swift; path = Todo.swift; sourceTree = "<group>"; };
		4453C4FC21A0B338004C7096 /* CategoryViewController.swift */ = {isa = PBXFileReference; lastKnownFileType = sourcecode.swift; path = CategoryViewController.swift; sourceTree = "<group>"; };
		4453C4FE21A180CE004C7096 /* TodoCategory.swift */ = {isa = PBXFileReference; lastKnownFileType = sourcecode.swift; path = TodoCategory.swift; sourceTree = "<group>"; };
		44561B0A21AECB2900DCD443 /* GoogleService-Info.plist */ = {isa = PBXFileReference; fileEncoding = 4; lastKnownFileType = text.plist.xml; name = "GoogleService-Info.plist"; path = "View/GoogleService-Info.plist"; sourceTree = "<group>"; };
		44B7EC6C21AD77D1001E78FE /* LaunchViewController.swift */ = {isa = PBXFileReference; lastKnownFileType = sourcecode.swift; path = LaunchViewController.swift; sourceTree = "<group>"; };
		44C1B98521C0F81D008CAD1D /* AccountViewController.swift */ = {isa = PBXFileReference; lastKnownFileType = sourcecode.swift; path = AccountViewController.swift; sourceTree = "<group>"; };
		44D0C10621AD7BD80096A972 /* SignUpViewController.swift */ = {isa = PBXFileReference; lastKnownFileType = sourcecode.swift; path = SignUpViewController.swift; sourceTree = "<group>"; };
		44D0C10821AD7BF50096A972 /* LogInViewController.swift */ = {isa = PBXFileReference; lastKnownFileType = sourcecode.swift; path = LogInViewController.swift; sourceTree = "<group>"; };
		44EC3FDE21937DA300365F89 /* TodoMap.app */ = {isa = PBXFileReference; explicitFileType = wrapper.application; includeInIndex = 0; path = TodoMap.app; sourceTree = BUILT_PRODUCTS_DIR; };
		44EC3FE121937DA300365F89 /* AppDelegate.swift */ = {isa = PBXFileReference; lastKnownFileType = sourcecode.swift; path = AppDelegate.swift; sourceTree = "<group>"; };
		44EC3FE321937DA300365F89 /* TodoListViewController.swift */ = {isa = PBXFileReference; lastKnownFileType = sourcecode.swift; path = TodoListViewController.swift; sourceTree = "<group>"; };
		44EC3FE621937DA300365F89 /* Base */ = {isa = PBXFileReference; lastKnownFileType = file.storyboard; name = Base; path = Base.lproj/Main.storyboard; sourceTree = "<group>"; };
		44EC3FEB21937DA400365F89 /* Base */ = {isa = PBXFileReference; lastKnownFileType = file.storyboard; name = Base; path = Base.lproj/LaunchScreen.storyboard; sourceTree = "<group>"; };
		44EC3FED21937DA400365F89 /* Info.plist */ = {isa = PBXFileReference; lastKnownFileType = text.plist.xml; path = Info.plist; sourceTree = "<group>"; };
		44FA16F421A48958004E3DDD /* Toast.swift */ = {isa = PBXFileReference; fileEncoding = 4; lastKnownFileType = sourcecode.swift; path = Toast.swift; sourceTree = "<group>"; };
		44FBA94221CD13BF002E411E /* ModalTransitionListener.swift */ = {isa = PBXFileReference; lastKnownFileType = sourcecode.swift; path = ModalTransitionListener.swift; sourceTree = "<group>"; };
		44FBA94421CD2F19002E411E /* Assets.xcassets */ = {isa = PBXFileReference; lastKnownFileType = folder.assetcatalog; path = Assets.xcassets; sourceTree = "<group>"; };
		72B874D307C80C938D53DF30 /* Pods-TodoMap.release.xcconfig */ = {isa = PBXFileReference; includeInIndex = 1; lastKnownFileType = text.xcconfig; name = "Pods-TodoMap.release.xcconfig"; path = "Pods/Target Support Files/Pods-TodoMap/Pods-TodoMap.release.xcconfig"; sourceTree = "<group>"; };
		7EF4027804B8399F8E25EB43 /* Pods-TodoMap.debug.xcconfig */ = {isa = PBXFileReference; includeInIndex = 1; lastKnownFileType = text.xcconfig; name = "Pods-TodoMap.debug.xcconfig"; path = "Pods/Target Support Files/Pods-TodoMap/Pods-TodoMap.debug.xcconfig"; sourceTree = "<group>"; };
/* End PBXFileReference section */

/* Begin PBXFrameworksBuildPhase section */
		44EC3FDB21937DA300365F89 /* Frameworks */ = {
			isa = PBXFrameworksBuildPhase;
			buildActionMask = 2147483647;
			files = (
				F021C0C40A22119D8D30E98A /* Pods_TodoMap.framework in Frameworks */,
			);
			runOnlyForDeploymentPostprocessing = 0;
		};
/* End PBXFrameworksBuildPhase section */

/* Begin PBXGroup section */
		265EB92FE8BF6714E0DA3442 /* Frameworks */ = {
			isa = PBXGroup;
			children = (
				392E3A46E9B7B2502DED6D28 /* Pods_TodoMap.framework */,
			);
			name = Frameworks;
			sourceTree = "<group>";
		};
		44355B02219746BB00CD6160 /* View */ = {
			isa = PBXGroup;
			children = (
				44FBA94421CD2F19002E411E /* Assets.xcassets */,
				44EC3FE521937DA300365F89 /* Main.storyboard */,
				44EC3FEA21937DA400365F89 /* LaunchScreen.storyboard */,
			);
			path = View;
			sourceTree = "<group>";
		};
		44355B03219746F500CD6160 /* Model */ = {
			isa = PBXGroup;
			children = (
				44FBA94221CD13BF002E411E /* ModalTransitionListener.swift */,
				44FA16F421A48958004E3DDD /* Toast.swift */,
				44355B052197491300CD6160 /* Todo.swift */,
				4453C4FE21A180CE004C7096 /* TodoCategory.swift */,
			);
			path = Model;
			sourceTree = "<group>";
		};
		44355B04219746FA00CD6160 /* Controller */ = {
			isa = PBXGroup;
			children = (
				44EC3FE121937DA300365F89 /* AppDelegate.swift */,
				4453C4FC21A0B338004C7096 /* CategoryViewController.swift */,
				44EC3FE321937DA300365F89 /* TodoListViewController.swift */,
				44062A5A21A880890042F9CD /* SwipeTableViewController.swift */,
				44B7EC6C21AD77D1001E78FE /* LaunchViewController.swift */,
				44D0C10621AD7BD80096A972 /* SignUpViewController.swift */,
				44D0C10821AD7BF50096A972 /* LogInViewController.swift */,
				44C1B98521C0F81D008CAD1D /* AccountViewController.swift */,
			);
			path = Controller;
			sourceTree = "<group>";
		};
		44EC3FD521937DA300365F89 = {
			isa = PBXGroup;
			children = (
				44EC3FE021937DA300365F89 /* TodoMap */,
				44EC3FDF21937DA300365F89 /* Products */,
				4F8B690ED58E8ED790ED57F4 /* Pods */,
				265EB92FE8BF6714E0DA3442 /* Frameworks */,
			);
			sourceTree = "<group>";
		};
		44EC3FDF21937DA300365F89 /* Products */ = {
			isa = PBXGroup;
			children = (
				44EC3FDE21937DA300365F89 /* TodoMap.app */,
			);
			name = Products;
			sourceTree = "<group>";
		};
		44EC3FE021937DA300365F89 /* TodoMap */ = {
			isa = PBXGroup;
			children = (
				44355B04219746FA00CD6160 /* Controller */,
				44355B03219746F500CD6160 /* Model */,
				44355B02219746BB00CD6160 /* View */,
				44EC3FED21937DA400365F89 /* Info.plist */,
				44561B0A21AECB2900DCD443 /* GoogleService-Info.plist */,
			);
			path = TodoMap;
			sourceTree = "<group>";
		};
		4F8B690ED58E8ED790ED57F4 /* Pods */ = {
			isa = PBXGroup;
			children = (
				7EF4027804B8399F8E25EB43 /* Pods-TodoMap.debug.xcconfig */,
				72B874D307C80C938D53DF30 /* Pods-TodoMap.release.xcconfig */,
			);
			name = Pods;
			sourceTree = "<group>";
		};
/* End PBXGroup section */

/* Begin PBXNativeTarget section */
		44EC3FDD21937DA300365F89 /* TodoMap */ = {
			isa = PBXNativeTarget;
			buildConfigurationList = 44EC3FF021937DA400365F89 /* Build configuration list for PBXNativeTarget "TodoMap" */;
			buildPhases = (
				C361989616F30E712D957BC1 /* [CP] Check Pods Manifest.lock */,
				44EC3FDA21937DA300365F89 /* Sources */,
				44EC3FDB21937DA300365F89 /* Frameworks */,
				44EC3FDC21937DA300365F89 /* Resources */,
				1BDD13BCFF6ADB9DF298D8B6 /* [CP] Embed Pods Frameworks */,
				8C7E11D0BCE1838F770249B6 /* [CP] Copy Pods Resources */,
			);
			buildRules = (
			);
			dependencies = (
			);
			name = TodoMap;
			productName = TodoMap;
			productReference = 44EC3FDE21937DA300365F89 /* TodoMap.app */;
			productType = "com.apple.product-type.application";
		};
/* End PBXNativeTarget section */

/* Begin PBXProject section */
		44EC3FD621937DA300365F89 /* Project object */ = {
			isa = PBXProject;
			attributes = {
				LastSwiftUpdateCheck = 1010;
				LastUpgradeCheck = 1010;
				ORGANIZATIONNAME = "Aljaz Kern";
				TargetAttributes = {
					44EC3FDD21937DA300365F89 = {
						CreatedOnToolsVersion = 10.1;
					};
				};
			};
			buildConfigurationList = 44EC3FD921937DA300365F89 /* Build configuration list for PBXProject "TodoMap" */;
			compatibilityVersion = "Xcode 9.3";
			developmentRegion = en;
			hasScannedForEncodings = 0;
			knownRegions = (
				en,
				Base,
			);
			mainGroup = 44EC3FD521937DA300365F89;
			productRefGroup = 44EC3FDF21937DA300365F89 /* Products */;
			projectDirPath = "";
			projectRoot = "";
			targets = (
				44EC3FDD21937DA300365F89 /* TodoMap */,
			);
		};
/* End PBXProject section */

/* Begin PBXResourcesBuildPhase section */
		44EC3FDC21937DA300365F89 /* Resources */ = {
			isa = PBXResourcesBuildPhase;
			buildActionMask = 2147483647;
			files = (
				44EC3FEC21937DA400365F89 /* LaunchScreen.storyboard in Resources */,
				44561B0B21AECB2900DCD443 /* GoogleService-Info.plist in Resources */,
				44FBA94521CD2F19002E411E /* Assets.xcassets in Resources */,
				44EC3FE721937DA300365F89 /* Main.storyboard in Resources */,
			);
			runOnlyForDeploymentPostprocessing = 0;
		};
/* End PBXResourcesBuildPhase section */

/* Begin PBXShellScriptBuildPhase section */
		1BDD13BCFF6ADB9DF298D8B6 /* [CP] Embed Pods Frameworks */ = {
			isa = PBXShellScriptBuildPhase;
			buildActionMask = 2147483647;
			files = (
			);
			inputFileListPaths = (
			);
			inputPaths = (
				"${SRCROOT}/Pods/Target Support Files/Pods-TodoMap/Pods-TodoMap-frameworks.sh",
				"${BUILT_PRODUCTS_DIR}/Bolts/Bolts.framework",
				"${BUILT_PRODUCTS_DIR}/Bond/Bond.framework",
				"${BUILT_PRODUCTS_DIR}/BoringSSL/openssl.framework",
				"${BUILT_PRODUCTS_DIR}/ChameleonFramework/ChameleonFramework.framework",
				"${BUILT_PRODUCTS_DIR}/Differ/Differ.framework",
				"${BUILT_PRODUCTS_DIR}/FBSDKCoreKit/FBSDKCoreKit.framework",
				"${BUILT_PRODUCTS_DIR}/FBSDKLoginKit/FBSDKLoginKit.framework",
				"${BUILT_PRODUCTS_DIR}/GTMSessionFetcher/GTMSessionFetcher.framework",
				"${BUILT_PRODUCTS_DIR}/GoogleToolboxForMac/GoogleToolboxForMac.framework",
				"${BUILT_PRODUCTS_DIR}/GoogleUtilities/GoogleUtilities.framework",
				"${BUILT_PRODUCTS_DIR}/Protobuf/Protobuf.framework",
				"${BUILT_PRODUCTS_DIR}/ReactiveKit/ReactiveKit.framework",
				"${BUILT_PRODUCTS_DIR}/SDWebImage/SDWebImage.framework",
				"${BUILT_PRODUCTS_DIR}/SVProgressHUD/SVProgressHUD.framework",
				"${BUILT_PRODUCTS_DIR}/SwipeCellKit/SwipeCellKit.framework",
				"${BUILT_PRODUCTS_DIR}/Toast-Swift/Toast_Swift.framework",
				"${PODS_ROOT}/TwitterCore/iOS/TwitterCore.framework",
				"${PODS_ROOT}/TwitterKit/iOS/TwitterKit.framework",
				"${BUILT_PRODUCTS_DIR}/gRPC-C++/grpcpp.framework",
				"${BUILT_PRODUCTS_DIR}/gRPC-Core/grpc.framework",
				"${BUILT_PRODUCTS_DIR}/leveldb-library/leveldb.framework",
				"${BUILT_PRODUCTS_DIR}/nanopb/nanopb.framework",
			);
			name = "[CP] Embed Pods Frameworks";
			outputFileListPaths = (
			);
			outputPaths = (
				"${TARGET_BUILD_DIR}/${FRAMEWORKS_FOLDER_PATH}/Bolts.framework",
				"${TARGET_BUILD_DIR}/${FRAMEWORKS_FOLDER_PATH}/Bond.framework",
				"${TARGET_BUILD_DIR}/${FRAMEWORKS_FOLDER_PATH}/openssl.framework",
				"${TARGET_BUILD_DIR}/${FRAMEWORKS_FOLDER_PATH}/ChameleonFramework.framework",
				"${TARGET_BUILD_DIR}/${FRAMEWORKS_FOLDER_PATH}/Differ.framework",
				"${TARGET_BUILD_DIR}/${FRAMEWORKS_FOLDER_PATH}/FBSDKCoreKit.framework",
				"${TARGET_BUILD_DIR}/${FRAMEWORKS_FOLDER_PATH}/FBSDKLoginKit.framework",
				"${TARGET_BUILD_DIR}/${FRAMEWORKS_FOLDER_PATH}/GTMSessionFetcher.framework",
				"${TARGET_BUILD_DIR}/${FRAMEWORKS_FOLDER_PATH}/GoogleToolboxForMac.framework",
				"${TARGET_BUILD_DIR}/${FRAMEWORKS_FOLDER_PATH}/GoogleUtilities.framework",
				"${TARGET_BUILD_DIR}/${FRAMEWORKS_FOLDER_PATH}/Protobuf.framework",
				"${TARGET_BUILD_DIR}/${FRAMEWORKS_FOLDER_PATH}/ReactiveKit.framework",
				"${TARGET_BUILD_DIR}/${FRAMEWORKS_FOLDER_PATH}/SDWebImage.framework",
				"${TARGET_BUILD_DIR}/${FRAMEWORKS_FOLDER_PATH}/SVProgressHUD.framework",
				"${TARGET_BUILD_DIR}/${FRAMEWORKS_FOLDER_PATH}/SwipeCellKit.framework",
				"${TARGET_BUILD_DIR}/${FRAMEWORKS_FOLDER_PATH}/Toast_Swift.framework",
				"${TARGET_BUILD_DIR}/${FRAMEWORKS_FOLDER_PATH}/TwitterCore.framework",
				"${TARGET_BUILD_DIR}/${FRAMEWORKS_FOLDER_PATH}/TwitterKit.framework",
				"${TARGET_BUILD_DIR}/${FRAMEWORKS_FOLDER_PATH}/grpcpp.framework",
				"${TARGET_BUILD_DIR}/${FRAMEWORKS_FOLDER_PATH}/grpc.framework",
				"${TARGET_BUILD_DIR}/${FRAMEWORKS_FOLDER_PATH}/leveldb.framework",
				"${TARGET_BUILD_DIR}/${FRAMEWORKS_FOLDER_PATH}/nanopb.framework",
			);
			runOnlyForDeploymentPostprocessing = 0;
			shellPath = /bin/sh;
			shellScript = "\"${SRCROOT}/Pods/Target Support Files/Pods-TodoMap/Pods-TodoMap-frameworks.sh\"\n";
			showEnvVarsInLog = 0;
		};
		8C7E11D0BCE1838F770249B6 /* [CP] Copy Pods Resources */ = {
			isa = PBXShellScriptBuildPhase;
			buildActionMask = 2147483647;
			files = (
			);
			inputFileListPaths = (
			);
			inputPaths = (
				"${SRCROOT}/Pods/Target Support Files/Pods-TodoMap/Pods-TodoMap-resources.sh",
				"${PODS_CONFIGURATION_BUILD_DIR}/FirebaseFirestore/gRPCCertificates-Firestore.bundle",
				"${PODS_CONFIGURATION_BUILD_DIR}/FirebaseUI/FirebaseAnonymousAuthUI.bundle",
				"${PODS_CONFIGURATION_BUILD_DIR}/FirebaseUI/FirebaseAuthUI.bundle",
				"${PODS_CONFIGURATION_BUILD_DIR}/FirebaseUI/FirebaseFacebookAuthUI.bundle",
				"${PODS_CONFIGURATION_BUILD_DIR}/FirebaseUI/FirebaseGoogleAuthUI.bundle",
				"${PODS_CONFIGURATION_BUILD_DIR}/FirebaseUI/FirebasePhoneAuthUI.bundle",
				"${PODS_CONFIGURATION_BUILD_DIR}/FirebaseUI/FirebaseTwitterAuthUI.bundle",
				"${PODS_ROOT}/GoogleSignIn/Resources/GoogleSignIn.bundle",
				"${PODS_ROOT}/TwitterKit/iOS/TwitterKit.framework/TwitterKitResources.bundle",
			);
			name = "[CP] Copy Pods Resources";
			outputFileListPaths = (
			);
			outputPaths = (
				"${TARGET_BUILD_DIR}/${UNLOCALIZED_RESOURCES_FOLDER_PATH}/gRPCCertificates-Firestore.bundle",
				"${TARGET_BUILD_DIR}/${UNLOCALIZED_RESOURCES_FOLDER_PATH}/FirebaseAnonymousAuthUI.bundle",
				"${TARGET_BUILD_DIR}/${UNLOCALIZED_RESOURCES_FOLDER_PATH}/FirebaseAuthUI.bundle",
				"${TARGET_BUILD_DIR}/${UNLOCALIZED_RESOURCES_FOLDER_PATH}/FirebaseFacebookAuthUI.bundle",
				"${TARGET_BUILD_DIR}/${UNLOCALIZED_RESOURCES_FOLDER_PATH}/FirebaseGoogleAuthUI.bundle",
				"${TARGET_BUILD_DIR}/${UNLOCALIZED_RESOURCES_FOLDER_PATH}/FirebasePhoneAuthUI.bundle",
				"${TARGET_BUILD_DIR}/${UNLOCALIZED_RESOURCES_FOLDER_PATH}/FirebaseTwitterAuthUI.bundle",
				"${TARGET_BUILD_DIR}/${UNLOCALIZED_RESOURCES_FOLDER_PATH}/GoogleSignIn.bundle",
				"${TARGET_BUILD_DIR}/${UNLOCALIZED_RESOURCES_FOLDER_PATH}/TwitterKitResources.bundle",
			);
			runOnlyForDeploymentPostprocessing = 0;
			shellPath = /bin/sh;
			shellScript = "\"${SRCROOT}/Pods/Target Support Files/Pods-TodoMap/Pods-TodoMap-resources.sh\"\n";
			showEnvVarsInLog = 0;
		};
		C361989616F30E712D957BC1 /* [CP] Check Pods Manifest.lock */ = {
			isa = PBXShellScriptBuildPhase;
			buildActionMask = 2147483647;
			files = (
			);
			inputFileListPaths = (
			);
			inputPaths = (
				"${PODS_PODFILE_DIR_PATH}/Podfile.lock",
				"${PODS_ROOT}/Manifest.lock",
			);
			name = "[CP] Check Pods Manifest.lock";
			outputFileListPaths = (
			);
			outputPaths = (
				"$(DERIVED_FILE_DIR)/Pods-TodoMap-checkManifestLockResult.txt",
			);
			runOnlyForDeploymentPostprocessing = 0;
			shellPath = /bin/sh;
			shellScript = "diff \"${PODS_PODFILE_DIR_PATH}/Podfile.lock\" \"${PODS_ROOT}/Manifest.lock\" > /dev/null\nif [ $? != 0 ] ; then\n    # print error to STDERR\n    echo \"error: The sandbox is not in sync with the Podfile.lock. Run 'pod install' or update your CocoaPods installation.\" >&2\n    exit 1\nfi\n# This output is used by Xcode 'outputs' to avoid re-running this script phase.\necho \"SUCCESS\" > \"${SCRIPT_OUTPUT_FILE_0}\"\n";
			showEnvVarsInLog = 0;
		};
/* End PBXShellScriptBuildPhase section */

/* Begin PBXSourcesBuildPhase section */
		44EC3FDA21937DA300365F89 /* Sources */ = {
			isa = PBXSourcesBuildPhase;
			buildActionMask = 2147483647;
			files = (
				4453C4FF21A180CE004C7096 /* TodoCategory.swift in Sources */,
				44FA16F521A48958004E3DDD /* Toast.swift in Sources */,
				4453C4FD21A0B338004C7096 /* CategoryViewController.swift in Sources */,
				44062A5B21A880890042F9CD /* SwipeTableViewController.swift in Sources */,
				44EC3FE421937DA300365F89 /* TodoListViewController.swift in Sources */,
				44355B062197491300CD6160 /* Todo.swift in Sources */,
				44D0C10721AD7BD80096A972 /* SignUpViewController.swift in Sources */,
				44EC3FE221937DA300365F89 /* AppDelegate.swift in Sources */,
				44D0C10921AD7BF50096A972 /* LogInViewController.swift in Sources */,
				44B7EC6D21AD77D1001E78FE /* LaunchViewController.swift in Sources */,
				44FBA94321CD13BF002E411E /* ModalTransitionListener.swift in Sources */,
				44C1B98621C0F81D008CAD1D /* AccountViewController.swift in Sources */,
			);
			runOnlyForDeploymentPostprocessing = 0;
		};
/* End PBXSourcesBuildPhase section */

/* Begin PBXVariantGroup section */
		44EC3FE521937DA300365F89 /* Main.storyboard */ = {
			isa = PBXVariantGroup;
			children = (
				44EC3FE621937DA300365F89 /* Base */,
			);
			name = Main.storyboard;
			sourceTree = "<group>";
		};
		44EC3FEA21937DA400365F89 /* LaunchScreen.storyboard */ = {
			isa = PBXVariantGroup;
			children = (
				44EC3FEB21937DA400365F89 /* Base */,
			);
			name = LaunchScreen.storyboard;
			sourceTree = "<group>";
		};
/* End PBXVariantGroup section */

/* Begin XCBuildConfiguration section */
		44EC3FEE21937DA400365F89 /* Debug */ = {
			isa = XCBuildConfiguration;
			buildSettings = {
				ALWAYS_SEARCH_USER_PATHS = NO;
				CLANG_ANALYZER_NONNULL = YES;
				CLANG_ANALYZER_NUMBER_OBJECT_CONVERSION = YES_AGGRESSIVE;
				CLANG_CXX_LANGUAGE_STANDARD = "gnu++14";
				CLANG_CXX_LIBRARY = "libc++";
				CLANG_ENABLE_MODULES = YES;
				CLANG_ENABLE_OBJC_ARC = YES;
				CLANG_ENABLE_OBJC_WEAK = YES;
				CLANG_WARN_BLOCK_CAPTURE_AUTORELEASING = YES;
				CLANG_WARN_BOOL_CONVERSION = YES;
				CLANG_WARN_COMMA = YES;
				CLANG_WARN_CONSTANT_CONVERSION = YES;
				CLANG_WARN_DEPRECATED_OBJC_IMPLEMENTATIONS = YES;
				CLANG_WARN_DIRECT_OBJC_ISA_USAGE = YES_ERROR;
				CLANG_WARN_DOCUMENTATION_COMMENTS = YES;
				CLANG_WARN_EMPTY_BODY = YES;
				CLANG_WARN_ENUM_CONVERSION = YES;
				CLANG_WARN_INFINITE_RECURSION = YES;
				CLANG_WARN_INT_CONVERSION = YES;
				CLANG_WARN_NON_LITERAL_NULL_CONVERSION = YES;
				CLANG_WARN_OBJC_IMPLICIT_RETAIN_SELF = YES;
				CLANG_WARN_OBJC_LITERAL_CONVERSION = YES;
				CLANG_WARN_OBJC_ROOT_CLASS = YES_ERROR;
				CLANG_WARN_RANGE_LOOP_ANALYSIS = YES;
				CLANG_WARN_STRICT_PROTOTYPES = YES;
				CLANG_WARN_SUSPICIOUS_MOVE = YES;
				CLANG_WARN_UNGUARDED_AVAILABILITY = YES_AGGRESSIVE;
				CLANG_WARN_UNREACHABLE_CODE = YES;
				CLANG_WARN__DUPLICATE_METHOD_MATCH = YES;
				CODE_SIGN_IDENTITY = "iPhone Developer";
				COPY_PHASE_STRIP = NO;
				DEBUG_INFORMATION_FORMAT = dwarf;
				ENABLE_STRICT_OBJC_MSGSEND = YES;
				ENABLE_TESTABILITY = YES;
				GCC_C_LANGUAGE_STANDARD = gnu11;
				GCC_DYNAMIC_NO_PIC = NO;
				GCC_NO_COMMON_BLOCKS = YES;
				GCC_OPTIMIZATION_LEVEL = 0;
				GCC_PREPROCESSOR_DEFINITIONS = (
					"DEBUG=1",
					"$(inherited)",
				);
				GCC_WARN_64_TO_32_BIT_CONVERSION = YES;
				GCC_WARN_ABOUT_RETURN_TYPE = YES_ERROR;
				GCC_WARN_UNDECLARED_SELECTOR = YES;
				GCC_WARN_UNINITIALIZED_AUTOS = YES_AGGRESSIVE;
				GCC_WARN_UNUSED_FUNCTION = YES;
				GCC_WARN_UNUSED_VARIABLE = YES;
				IPHONEOS_DEPLOYMENT_TARGET = 12.1;
				MTL_ENABLE_DEBUG_INFO = INCLUDE_SOURCE;
				MTL_FAST_MATH = YES;
				ONLY_ACTIVE_ARCH = YES;
				SDKROOT = iphoneos;
				SWIFT_ACTIVE_COMPILATION_CONDITIONS = DEBUG;
				SWIFT_OPTIMIZATION_LEVEL = "-Onone";
			};
			name = Debug;
		};
		44EC3FEF21937DA400365F89 /* Release */ = {
			isa = XCBuildConfiguration;
			buildSettings = {
				ALWAYS_SEARCH_USER_PATHS = NO;
				CLANG_ANALYZER_NONNULL = YES;
				CLANG_ANALYZER_NUMBER_OBJECT_CONVERSION = YES_AGGRESSIVE;
				CLANG_CXX_LANGUAGE_STANDARD = "gnu++14";
				CLANG_CXX_LIBRARY = "libc++";
				CLANG_ENABLE_MODULES = YES;
				CLANG_ENABLE_OBJC_ARC = YES;
				CLANG_ENABLE_OBJC_WEAK = YES;
				CLANG_WARN_BLOCK_CAPTURE_AUTORELEASING = YES;
				CLANG_WARN_BOOL_CONVERSION = YES;
				CLANG_WARN_COMMA = YES;
				CLANG_WARN_CONSTANT_CONVERSION = YES;
				CLANG_WARN_DEPRECATED_OBJC_IMPLEMENTATIONS = YES;
				CLANG_WARN_DIRECT_OBJC_ISA_USAGE = YES_ERROR;
				CLANG_WARN_DOCUMENTATION_COMMENTS = YES;
				CLANG_WARN_EMPTY_BODY = YES;
				CLANG_WARN_ENUM_CONVERSION = YES;
				CLANG_WARN_INFINITE_RECURSION = YES;
				CLANG_WARN_INT_CONVERSION = YES;
				CLANG_WARN_NON_LITERAL_NULL_CONVERSION = YES;
				CLANG_WARN_OBJC_IMPLICIT_RETAIN_SELF = YES;
				CLANG_WARN_OBJC_LITERAL_CONVERSION = YES;
				CLANG_WARN_OBJC_ROOT_CLASS = YES_ERROR;
				CLANG_WARN_RANGE_LOOP_ANALYSIS = YES;
				CLANG_WARN_STRICT_PROTOTYPES = YES;
				CLANG_WARN_SUSPICIOUS_MOVE = YES;
				CLANG_WARN_UNGUARDED_AVAILABILITY = YES_AGGRESSIVE;
				CLANG_WARN_UNREACHABLE_CODE = YES;
				CLANG_WARN__DUPLICATE_METHOD_MATCH = YES;
				CODE_SIGN_IDENTITY = "iPhone Developer";
				COPY_PHASE_STRIP = NO;
				DEBUG_INFORMATION_FORMAT = "dwarf-with-dsym";
				ENABLE_NS_ASSERTIONS = NO;
				ENABLE_STRICT_OBJC_MSGSEND = YES;
				GCC_C_LANGUAGE_STANDARD = gnu11;
				GCC_NO_COMMON_BLOCKS = YES;
				GCC_WARN_64_TO_32_BIT_CONVERSION = YES;
				GCC_WARN_ABOUT_RETURN_TYPE = YES_ERROR;
				GCC_WARN_UNDECLARED_SELECTOR = YES;
				GCC_WARN_UNINITIALIZED_AUTOS = YES_AGGRESSIVE;
				GCC_WARN_UNUSED_FUNCTION = YES;
				GCC_WARN_UNUSED_VARIABLE = YES;
				IPHONEOS_DEPLOYMENT_TARGET = 12.1;
				MTL_ENABLE_DEBUG_INFO = NO;
				MTL_FAST_MATH = YES;
				SDKROOT = iphoneos;
				SWIFT_COMPILATION_MODE = wholemodule;
				SWIFT_OPTIMIZATION_LEVEL = "-O";
				VALIDATE_PRODUCT = YES;
			};
			name = Release;
		};
		44EC3FF121937DA400365F89 /* Debug */ = {
			isa = XCBuildConfiguration;
			baseConfigurationReference = 7EF4027804B8399F8E25EB43 /* Pods-TodoMap.debug.xcconfig */;
			buildSettings = {
				ASSETCATALOG_COMPILER_APPICON_NAME = AppIcon;
				CODE_SIGN_STYLE = Automatic;
				DEVELOPMENT_TEAM = R4TFJNVQ8X;
				INFOPLIST_FILE = TodoMap/Info.plist;
				IPHONEOS_DEPLOYMENT_TARGET = 9.0;
				LD_RUNPATH_SEARCH_PATHS = (
					"$(inherited)",
					"@executable_path/Frameworks",
				);
				PRODUCT_BUNDLE_IDENTIFIER = com.mywebhive.TodoMap;
				PRODUCT_NAME = "$(TARGET_NAME)";
				SWIFT_VERSION = 4.2;
				TARGETED_DEVICE_FAMILY = "1,2";
			};
			name = Debug;
		};
		44EC3FF221937DA400365F89 /* Release */ = {
			isa = XCBuildConfiguration;
			baseConfigurationReference = 72B874D307C80C938D53DF30 /* Pods-TodoMap.release.xcconfig */;
			buildSettings = {
				ASSETCATALOG_COMPILER_APPICON_NAME = AppIcon;
				CODE_SIGN_STYLE = Automatic;
				DEVELOPMENT_TEAM = R4TFJNVQ8X;
				INFOPLIST_FILE = TodoMap/Info.plist;
				IPHONEOS_DEPLOYMENT_TARGET = 9.0;
				LD_RUNPATH_SEARCH_PATHS = (
					"$(inherited)",
					"@executable_path/Frameworks",
				);
				PRODUCT_BUNDLE_IDENTIFIER = com.mywebhive.TodoMap;
				PRODUCT_NAME = "$(TARGET_NAME)";
				SWIFT_VERSION = 4.2;
				TARGETED_DEVICE_FAMILY = "1,2";
			};
			name = Release;
		};
/* End XCBuildConfiguration section */

/* Begin XCConfigurationList section */
		44EC3FD921937DA300365F89 /* Build configuration list for PBXProject "TodoMap" */ = {
			isa = XCConfigurationList;
			buildConfigurations = (
				44EC3FEE21937DA400365F89 /* Debug */,
				44EC3FEF21937DA400365F89 /* Release */,
			);
			defaultConfigurationIsVisible = 0;
			defaultConfigurationName = Release;
		};
		44EC3FF021937DA400365F89 /* Build configuration list for PBXNativeTarget "TodoMap" */ = {
			isa = XCConfigurationList;
			buildConfigurations = (
				44EC3FF121937DA400365F89 /* Debug */,
				44EC3FF221937DA400365F89 /* Release */,
			);
			defaultConfigurationIsVisible = 0;
			defaultConfigurationName = Release;
		};
/* End XCConfigurationList section */
	};
	rootObject = 44EC3FD621937DA300365F89 /* Project object */;
}
